Microsoft Visual Studio Solution File, Format Version 12.00
# Visual Studio Version 17
VisualStudioVersion = 17.5.2.0
MinimumVisualStudioVersion = 10.0.40219.1
Project("{FAE04EC0-301F-11D3-BF4B-00C04F79EFBC}") = "Shoestore", "Shoestore.csproj", "{351156DE-0F82-3B92-8B56-C54D09C8F707}"
EndProject
Global
	GlobalSection(SolutionConfigurationPlatforms) = preSolution
		Debug|Any CPU = Debug|Any CPU
		Release|Any CPU = Release|Any CPU
	EndGlobalSection
	GlobalSection(ProjectConfigurationPlatforms) = postSolution
		{351156DE-0F82-3B92-8B56-C54D09C8F707}.Debug|Any CPU.ActiveCfg = Debug|Any CPU
		{351156DE-0F82-3B92-8B56-C54D09C8F707}.Debug|Any CPU.Build.0 = Debug|Any CPU
		{351156DE-0F82-3B92-8B56-C54D09C8F707}.Release|Any CPU.ActiveCfg = Release|Any CPU
		{351156DE-0F82-3B92-8B56-C54D09C8F707}.Release|Any CPU.Build.0 = Release|Any CPU
	EndGlobalSection
	GlobalSection(SolutionProperties) = preSolution
		HideSolutionNode = FALSE
	EndGlobalSection
	GlobalSection(ExtensibilityGlobals) = postSolution
		SolutionGuid = {A34497FF-D6A3-4096-BEF2-C89B4A9F143B}
	EndGlobalSection
EndGlobal
